
Microsoft Visual Studio Solution File, Format Version 12.00
# Visual Studio Version 17
VisualStudioVersion = 17.14.36127.28 d17.14
MinimumVisualStudioVersion = 10.0.40219.1
Project("{FAE04EC0-301F-11D3-BF4B-00C04F79EFBC}") = "JobsBookingApp.Models", "JobsBookingApp.Models\JobsBookingApp.Models.csproj", "{86E0D74D-7AB2-4B3A-AC7D-4DFD6E1A5CD3}"
EndProject
Project("{FAE04EC0-301F-11D3-BF4B-00C04F79EFBC}") = "JobsBookingApp.Repository", "JobsBookingApp.Repository\JobsBookingApp.Repository.csproj", "{5ECB12F5-9567-4A94-B24A-D3E1A907AAB4}"
EndProject
Project("{FAE04EC0-301F-11D3-BF4B-00C04F79EFBC}") = "JobsBookingApp.Services", "JobsBookingApp.Services\JobsBookingApp.Services.csproj", "{66EBB80E-16A4-4925-95C0-F4C6ADF746B5}"
EndProject
Project("{FAE04EC0-301F-11D3-BF4B-00C04F79EFBC}") = "JobsBookingApp.Web", "JobsBookingApp.Web\JobsBookingApp.Web.csproj", "{D4E60880-D6D9-45BB-B05A-0AA6EB7580E0}"
EndProject
Global
	GlobalSection(SolutionConfigurationPlatforms) = preSolution
		Debug|Any CPU = Debug|Any CPU
		Release|Any CPU = Release|Any CPU
	EndGlobalSection
	GlobalSection(ProjectConfigurationPlatforms) = postSolution
		{86E0D74D-7AB2-4B3A-AC7D-4DFD6E1A5CD3}.Debug|Any CPU.ActiveCfg = Debug|Any CPU
		{86E0D74D-7AB2-4B3A-AC7D-4DFD6E1A5CD3}.Debug|Any CPU.Build.0 = Debug|Any CPU
		{86E0D74D-7AB2-4B3A-AC7D-4DFD6E1A5CD3}.Release|Any CPU.ActiveCfg = Release|Any CPU
		{86E0D74D-7AB2-4B3A-AC7D-4DFD6E1A5CD3}.Release|Any CPU.Build.0 = Release|Any CPU
		{5ECB12F5-9567-4A94-B24A-D3E1A907AAB4}.Debug|Any CPU.ActiveCfg = Debug|Any CPU
		{5ECB12F5-9567-4A94-B24A-D3E1A907AAB4}.Debug|Any CPU.Build.0 = Debug|Any CPU
		{5ECB12F5-9567-4A94-B24A-D3E1A907AAB4}.Release|Any CPU.ActiveCfg = Release|Any CPU
		{5ECB12F5-9567-4A94-B24A-D3E1A907AAB4}.Release|Any CPU.Build.0 = Release|Any CPU
		{66EBB80E-16A4-4925-95C0-F4C6ADF746B5}.Debug|Any CPU.ActiveCfg = Debug|Any CPU
		{66EBB80E-16A4-4925-95C0-F4C6ADF746B5}.Debug|Any CPU.Build.0 = Debug|Any CPU
		{66EBB80E-16A4-4925-95C0-F4C6ADF746B5}.Release|Any CPU.ActiveCfg = Release|Any CPU
		{66EBB80E-16A4-4925-95C0-F4C6ADF746B5}.Release|Any CPU.Build.0 = Release|Any CPU
		{D4E60880-D6D9-45BB-B05A-0AA6EB7580E0}.Debug|Any CPU.ActiveCfg = Debug|Any CPU
		{D4E60880-D6D9-45BB-B05A-0AA6EB7580E0}.Debug|Any CPU.Build.0 = Debug|Any CPU
		{D4E60880-D6D9-45BB-B05A-0AA6EB7580E0}.Release|Any CPU.ActiveCfg = Release|Any CPU
		{D4E60880-D6D9-45BB-B05A-0AA6EB7580E0}.Release|Any CPU.Build.0 = Release|Any CPU
	EndGlobalSection
	GlobalSection(SolutionProperties) = preSolution
		HideSolutionNode = FALSE
	EndGlobalSection
	GlobalSection(ExtensibilityGlobals) = postSolution
		SolutionGuid = {7E92E7AA-BC50-4543-BF5D-947F6FD4F546}
	EndGlobalSection
EndGlobal
